
Microsoft Visual Studio Solution File, Format Version 12.00
# Visual Studio 15
VisualStudioVersion = 15.0.26430.16
MinimumVisualStudioVersion = 10.0.40219.1
Project("{2150E333-8FDC-42A3-9474-1A3956D46DE8}") = "_Library", "_Library", "{7ADE712E-9954-4BA4-BB02-23A72E3BEC64}"
EndProject
Project("{2150E333-8FDC-42A3-9474-1A3956D46DE8}") = "Chatbots", "Chatbots", "{199D4CE7-F4C3-4773-87DB-7C105335A767}"
EndProject
Project("{FAE04EC0-301F-11D3-BF4B-00C04F79EFBC}") = "Gala.Dolly", "Gala.Dolly\Gala.Dolly.csproj", "{F0D42607-BEA9-4F6E-854D-40809AD378D8}"
EndProject
Project("{FAE04EC0-301F-11D3-BF4B-00C04F79EFBC}") = "Gala.Data", "Gala.Data\Gala.Data.csproj", "{FCE634B4-5A87-4519-98D4-240B4A42F8D5}"
EndProject
Project("{FAE04EC0-301F-11D3-BF4B-00C04F79EFBC}") = "Gala.Dolly.Speech", "Gala.Dolly.Speech\Gala.Dolly.Speech.csproj", "{503B5858-4665-47B9-8BD3-2BBE917291C2}"
EndProject
Project("{F184B08F-C81C-45F6-A57F-5ABD9991F28F}") = "Gala.Dolly.Basic", "Gala.Dolly.Basic\Gala.Dolly.Basic.vbproj", "{BBB026F9-43EA-4AA8-BDBF-CB934C390E45}"
EndProject
Project("{2150E333-8FDC-42A3-9474-1A3956D46DE8}") = "Video", "Video", "{7461A5B3-CDE5-466A-9872-E7F8498FCD3A}"
EndProject
Project("{FAE04EC0-301F-11D3-BF4B-00C04F79EFBC}") = "AIMLBot", "..\Library\ChatBots\AIMLBot\AIMLBot.csproj", "{9C87D82C-0E27-4995-A2CB-72BCB84EF2E2}"
EndProject
Project("{FAE04EC0-301F-11D3-BF4B-00C04F79EFBC}") = "Eliza", "..\Library\ChatBots\Eliza\Eliza.csproj", "{67264662-CA03-4ED0-8924-5843307E4B53}"
EndProject
Project("{FAE04EC0-301F-11D3-BF4B-00C04F79EFBC}") = "motion", "..\Library\motion_src\motion\motion.csproj", "{F4799C73-DEE9-48F2-B626-32149CC30976}"
EndProject
Project("{FAE04EC0-301F-11D3-BF4B-00C04F79EFBC}") = "vfw", "..\Library\motion_src\vfw\vfw.csproj", "{ECAA3D55-19AB-440B-B82E-221AE06C4A5B}"
EndProject
Project("{FAE04EC0-301F-11D3-BF4B-00C04F79EFBC}") = "dshow", "..\Library\motion_src\dshow\dshow.csproj", "{37B08AFD-F4BC-4E13-9119-537BA6A12CCB}"
EndProject
Project("{FAE04EC0-301F-11D3-BF4B-00C04F79EFBC}") = "Gala.Dolly.UI", "Gala.Dolly.UI\Gala.Dolly.UI.csproj", "{270E9E4E-9F39-4A3A-A04D-FC0B40BA7B12}"
EndProject
Project("{FAE04EC0-301F-11D3-BF4B-00C04F79EFBC}") = "Gala.Dolly.Chatbots", "Gala.Dolly.Chatbots\Gala.Dolly.Chatbots.csproj", "{8378C9BA-915F-4018-9944-8578F2855FF1}"
EndProject
Project("{2150E333-8FDC-42A3-9474-1A3956D46DE8}") = "Tests", "Tests", "{5F310ED6-BDB4-4A37-AD6B-A2724E076E5F}"
EndProject
Project("{FAE04EC0-301F-11D3-BF4B-00C04F79EFBC}") = "Gala.Dolly.Test", "Gala.Dolly.Test\Gala.Dolly.Test.csproj", "{9C2F32EC-E713-46A8-8F19-3377EDF9CC65}"
EndProject
Global
	GlobalSection(SolutionConfigurationPlatforms) = preSolution
		Analysis|Any CPU = Analysis|Any CPU
		Analysis|x86 = Analysis|x86
		Debug|Any CPU = Debug|Any CPU
		Debug|x86 = Debug|x86
		Release|Any CPU = Release|Any CPU
		Release|x86 = Release|x86
		Test|Any CPU = Test|Any CPU
		Test|x86 = Test|x86
	EndGlobalSection
	GlobalSection(ProjectConfigurationPlatforms) = postSolution
		{F0D42607-BEA9-4F6E-854D-40809AD378D8}.Analysis|Any CPU.ActiveCfg = Analysis|Any CPU
		{F0D42607-BEA9-4F6E-854D-40809AD378D8}.Analysis|Any CPU.Build.0 = Analysis|Any CPU
		{F0D42607-BEA9-4F6E-854D-40809AD378D8}.Analysis|x86.ActiveCfg = Analysis|Any CPU
		{F0D42607-BEA9-4F6E-854D-40809AD378D8}.Analysis|x86.Build.0 = Analysis|Any CPU
		{F0D42607-BEA9-4F6E-854D-40809AD378D8}.Debug|Any CPU.ActiveCfg = Debug|Any CPU
		{F0D42607-BEA9-4F6E-854D-40809AD378D8}.Debug|Any CPU.Build.0 = Debug|Any CPU
		{F0D42607-BEA9-4F6E-854D-40809AD378D8}.Debug|x86.ActiveCfg = Debug|Any CPU
		{F0D42607-BEA9-4F6E-854D-40809AD378D8}.Debug|x86.Build.0 = Debug|Any CPU
		{F0D42607-BEA9-4F6E-854D-40809AD378D8}.Release|Any CPU.ActiveCfg = Release|Any CPU
		{F0D42607-BEA9-4F6E-854D-40809AD378D8}.Release|Any CPU.Build.0 = Release|Any CPU
		{F0D42607-BEA9-4F6E-854D-40809AD378D8}.Release|x86.ActiveCfg = Release|Any CPU
		{F0D42607-BEA9-4F6E-854D-40809AD378D8}.Release|x86.Build.0 = Release|Any CPU
		{F0D42607-BEA9-4F6E-854D-40809AD378D8}.Test|Any CPU.ActiveCfg = Debug|Any CPU
		{F0D42607-BEA9-4F6E-854D-40809AD378D8}.Test|x86.ActiveCfg = Debug|Any CPU
		{F0D42607-BEA9-4F6E-854D-40809AD378D8}.Test|x86.Build.0 = Debug|Any CPU
		{FCE634B4-5A87-4519-98D4-240B4A42F8D5}.Analysis|Any CPU.ActiveCfg = Analysis|Any CPU
		{FCE634B4-5A87-4519-98D4-240B4A42F8D5}.Analysis|Any CPU.Build.0 = Analysis|Any CPU
		{FCE634B4-5A87-4519-98D4-240B4A42F8D5}.Analysis|x86.ActiveCfg = Analysis|Any CPU
		{FCE634B4-5A87-4519-98D4-240B4A42F8D5}.Analysis|x86.Build.0 = Analysis|Any CPU
		{FCE634B4-5A87-4519-98D4-240B4A42F8D5}.Debug|Any CPU.ActiveCfg = Debug|Any CPU
		{FCE634B4-5A87-4519-98D4-240B4A42F8D5}.Debug|Any CPU.Build.0 = Debug|Any CPU
		{FCE634B4-5A87-4519-98D4-240B4A42F8D5}.Debug|x86.ActiveCfg = Debug|Any CPU
		{FCE634B4-5A87-4519-98D4-240B4A42F8D5}.Debug|x86.Build.0 = Debug|Any CPU
		{FCE634B4-5A87-4519-98D4-240B4A42F8D5}.Release|Any CPU.ActiveCfg = Release|Any CPU
		{FCE634B4-5A87-4519-98D4-240B4A42F8D5}.Release|Any CPU.Build.0 = Release|Any CPU
		{FCE634B4-5A87-4519-98D4-240B4A42F8D5}.Release|x86.ActiveCfg = Release|Any CPU
		{FCE634B4-5A87-4519-98D4-240B4A42F8D5}.Release|x86.Build.0 = Release|Any CPU
		{FCE634B4-5A87-4519-98D4-240B4A42F8D5}.Test|Any CPU.ActiveCfg = Debug|Any CPU
		{FCE634B4-5A87-4519-98D4-240B4A42F8D5}.Test|Any CPU.Build.0 = Debug|Any CPU
		{FCE634B4-5A87-4519-98D4-240B4A42F8D5}.Test|x86.ActiveCfg = Debug|Any CPU
		{FCE634B4-5A87-4519-98D4-240B4A42F8D5}.Test|x86.Build.0 = Debug|Any CPU
		{503B5858-4665-47B9-8BD3-2BBE917291C2}.Analysis|Any CPU.ActiveCfg = Analysis|Any CPU
		{503B5858-4665-47B9-8BD3-2BBE917291C2}.Analysis|Any CPU.Build.0 = Analysis|Any CPU
		{503B5858-4665-47B9-8BD3-2BBE917291C2}.Analysis|x86.ActiveCfg = Analysis|Any CPU
		{503B5858-4665-47B9-8BD3-2BBE917291C2}.Analysis|x86.Build.0 = Analysis|Any CPU
		{503B5858-4665-47B9-8BD3-2BBE917291C2}.Debug|Any CPU.ActiveCfg = Debug|Any CPU
		{503B5858-4665-47B9-8BD3-2BBE917291C2}.Debug|Any CPU.Build.0 = Debug|Any CPU
		{503B5858-4665-47B9-8BD3-2BBE917291C2}.Debug|x86.ActiveCfg = Debug|Any CPU
		{503B5858-4665-47B9-8BD3-2BBE917291C2}.Debug|x86.Build.0 = Debug|Any CPU
		{503B5858-4665-47B9-8BD3-2BBE917291C2}.Release|Any CPU.ActiveCfg = Release|Any CPU
		{503B5858-4665-47B9-8BD3-2BBE917291C2}.Release|Any CPU.Build.0 = Release|Any CPU
		{503B5858-4665-47B9-8BD3-2BBE917291C2}.Release|x86.ActiveCfg = Release|Any CPU
		{503B5858-4665-47B9-8BD3-2BBE917291C2}.Release|x86.Build.0 = Release|Any CPU
		{503B5858-4665-47B9-8BD3-2BBE917291C2}.Test|Any CPU.ActiveCfg = Debug|Any CPU
		{503B5858-4665-47B9-8BD3-2BBE917291C2}.Test|x86.ActiveCfg = Debug|Any CPU
		{503B5858-4665-47B9-8BD3-2BBE917291C2}.Test|x86.Build.0 = Debug|Any CPU
		{BBB026F9-43EA-4AA8-BDBF-CB934C390E45}.Analysis|Any CPU.ActiveCfg = Analysis|Any CPU
		{BBB026F9-43EA-4AA8-BDBF-CB934C390E45}.Analysis|x86.ActiveCfg = Analysis|Any CPU
		{BBB026F9-43EA-4AA8-BDBF-CB934C390E45}.Analysis|x86.Build.0 = Analysis|Any CPU
		{BBB026F9-43EA-4AA8-BDBF-CB934C390E45}.Debug|Any CPU.ActiveCfg = Debug|Any CPU
		{BBB026F9-43EA-4AA8-BDBF-CB934C390E45}.Debug|Any CPU.Build.0 = Debug|Any CPU
		{BBB026F9-43EA-4AA8-BDBF-CB934C390E45}.Debug|x86.ActiveCfg = Debug|Any CPU
		{BBB026F9-43EA-4AA8-BDBF-CB934C390E45}.Debug|x86.Build.0 = Debug|Any CPU
		{BBB026F9-43EA-4AA8-BDBF-CB934C390E45}.Release|Any CPU.ActiveCfg = Release|Any CPU
		{BBB026F9-43EA-4AA8-BDBF-CB934C390E45}.Release|Any CPU.Build.0 = Release|Any CPU
		{BBB026F9-43EA-4AA8-BDBF-CB934C390E45}.Release|x86.ActiveCfg = Release|Any CPU
		{BBB026F9-43EA-4AA8-BDBF-CB934C390E45}.Release|x86.Build.0 = Release|Any CPU
		{BBB026F9-43EA-4AA8-BDBF-CB934C390E45}.Test|Any CPU.ActiveCfg = Debug|Any CPU
		{BBB026F9-43EA-4AA8-BDBF-CB934C390E45}.Test|x86.ActiveCfg = Release|Any CPU
		{BBB026F9-43EA-4AA8-BDBF-CB934C390E45}.Test|x86.Build.0 = Release|Any CPU
		{9C87D82C-0E27-4995-A2CB-72BCB84EF2E2}.Analysis|Any CPU.ActiveCfg = Release|Any CPU
		{9C87D82C-0E27-4995-A2CB-72BCB84EF2E2}.Analysis|x86.ActiveCfg = Release|Any CPU
		{9C87D82C-0E27-4995-A2CB-72BCB84EF2E2}.Analysis|x86.Build.0 = Release|Any CPU
		{9C87D82C-0E27-4995-A2CB-72BCB84EF2E2}.Debug|Any CPU.ActiveCfg = Release|Any CPU
		{9C87D82C-0E27-4995-A2CB-72BCB84EF2E2}.Debug|x86.ActiveCfg = Debug|Any CPU
		{9C87D82C-0E27-4995-A2CB-72BCB84EF2E2}.Debug|x86.Build.0 = Debug|Any CPU
		{9C87D82C-0E27-4995-A2CB-72BCB84EF2E2}.Release|Any CPU.ActiveCfg = Release|Any CPU
		{9C87D82C-0E27-4995-A2CB-72BCB84EF2E2}.Release|Any CPU.Build.0 = Release|Any CPU
		{9C87D82C-0E27-4995-A2CB-72BCB84EF2E2}.Release|x86.ActiveCfg = Release|Any CPU
		{9C87D82C-0E27-4995-A2CB-72BCB84EF2E2}.Release|x86.Build.0 = Release|Any CPU
		{9C87D82C-0E27-4995-A2CB-72BCB84EF2E2}.Test|Any CPU.ActiveCfg = Release|Any CPU
		{9C87D82C-0E27-4995-A2CB-72BCB84EF2E2}.Test|x86.ActiveCfg = Debug|Any CPU
		{9C87D82C-0E27-4995-A2CB-72BCB84EF2E2}.Test|x86.Build.0 = Debug|Any CPU
		{67264662-CA03-4ED0-8924-5843307E4B53}.Analysis|Any CPU.ActiveCfg = Release|Any CPU
		{67264662-CA03-4ED0-8924-5843307E4B53}.Analysis|x86.ActiveCfg = Release|Any CPU
		{67264662-CA03-4ED0-8924-5843307E4B53}.Analysis|x86.Build.0 = Release|Any CPU
		{67264662-CA03-4ED0-8924-5843307E4B53}.Debug|Any CPU.ActiveCfg = Release|Any CPU
		{67264662-CA03-4ED0-8924-5843307E4B53}.Debug|x86.ActiveCfg = Debug|Any CPU
		{67264662-CA03-4ED0-8924-5843307E4B53}.Debug|x86.Build.0 = Debug|Any CPU
		{67264662-CA03-4ED0-8924-5843307E4B53}.Release|Any CPU.ActiveCfg = Release|Any CPU
		{67264662-CA03-4ED0-8924-5843307E4B53}.Release|Any CPU.Build.0 = Release|Any CPU
		{67264662-CA03-4ED0-8924-5843307E4B53}.Release|x86.ActiveCfg = Release|Any CPU
		{67264662-CA03-4ED0-8924-5843307E4B53}.Release|x86.Build.0 = Release|Any CPU
		{67264662-CA03-4ED0-8924-5843307E4B53}.Test|Any CPU.ActiveCfg = Release|Any CPU
		{67264662-CA03-4ED0-8924-5843307E4B53}.Test|x86.ActiveCfg = Debug|Any CPU
		{67264662-CA03-4ED0-8924-5843307E4B53}.Test|x86.Build.0 = Debug|Any CPU
		{F4799C73-DEE9-48F2-B626-32149CC30976}.Analysis|Any CPU.ActiveCfg = Release|Any CPU
		{F4799C73-DEE9-48F2-B626-32149CC30976}.Analysis|x86.ActiveCfg = Release|Any CPU
		{F4799C73-DEE9-48F2-B626-32149CC30976}.Analysis|x86.Build.0 = Release|Any CPU
		{F4799C73-DEE9-48F2-B626-32149CC30976}.Debug|Any CPU.ActiveCfg = Release|Any CPU
		{F4799C73-DEE9-48F2-B626-32149CC30976}.Debug|x86.ActiveCfg = Debug|Any CPU
		{F4799C73-DEE9-48F2-B626-32149CC30976}.Debug|x86.Build.0 = Debug|Any CPU
		{F4799C73-DEE9-48F2-B626-32149CC30976}.Release|Any CPU.ActiveCfg = Release|Any CPU
		{F4799C73-DEE9-48F2-B626-32149CC30976}.Release|Any CPU.Build.0 = Release|Any CPU
		{F4799C73-DEE9-48F2-B626-32149CC30976}.Release|x86.ActiveCfg = Release|Any CPU
		{F4799C73-DEE9-48F2-B626-32149CC30976}.Release|x86.Build.0 = Release|Any CPU
		{F4799C73-DEE9-48F2-B626-32149CC30976}.Test|Any CPU.ActiveCfg = Release|Any CPU
		{F4799C73-DEE9-48F2-B626-32149CC30976}.Test|x86.ActiveCfg = Debug|Any CPU
		{F4799C73-DEE9-48F2-B626-32149CC30976}.Test|x86.Build.0 = Debug|Any CPU
		{ECAA3D55-19AB-440B-B82E-221AE06C4A5B}.Analysis|Any CPU.ActiveCfg = Release|Any CPU
		{ECAA3D55-19AB-440B-B82E-221AE06C4A5B}.Analysis|x86.ActiveCfg = Release|Any CPU
		{ECAA3D55-19AB-440B-B82E-221AE06C4A5B}.Analysis|x86.Build.0 = Release|Any CPU
		{ECAA3D55-19AB-440B-B82E-221AE06C4A5B}.Debug|Any CPU.ActiveCfg = Release|Any CPU
		{ECAA3D55-19AB-440B-B82E-221AE06C4A5B}.Debug|x86.ActiveCfg = Debug|Any CPU
		{ECAA3D55-19AB-440B-B82E-221AE06C4A5B}.Debug|x86.Build.0 = Debug|Any CPU
		{ECAA3D55-19AB-440B-B82E-221AE06C4A5B}.Release|Any CPU.ActiveCfg = Release|Any CPU
		{ECAA3D55-19AB-440B-B82E-221AE06C4A5B}.Release|Any CPU.Build.0 = Release|Any CPU
		{ECAA3D55-19AB-440B-B82E-221AE06C4A5B}.Release|x86.ActiveCfg = Release|Any CPU
		{ECAA3D55-19AB-440B-B82E-221AE06C4A5B}.Release|x86.Build.0 = Release|Any CPU
		{ECAA3D55-19AB-440B-B82E-221AE06C4A5B}.Test|Any CPU.ActiveCfg = Release|Any CPU
		{ECAA3D55-19AB-440B-B82E-221AE06C4A5B}.Test|x86.ActiveCfg = Debug|Any CPU
		{ECAA3D55-19AB-440B-B82E-221AE06C4A5B}.Test|x86.Build.0 = Debug|Any CPU
		{37B08AFD-F4BC-4E13-9119-537BA6A12CCB}.Analysis|Any CPU.ActiveCfg = Release|Any CPU
		{37B08AFD-F4BC-4E13-9119-537BA6A12CCB}.Analysis|x86.ActiveCfg = Release|Any CPU
		{37B08AFD-F4BC-4E13-9119-537BA6A12CCB}.Analysis|x86.Build.0 = Release|Any CPU
		{37B08AFD-F4BC-4E13-9119-537BA6A12CCB}.Debug|Any CPU.ActiveCfg = Release|Any CPU
		{37B08AFD-F4BC-4E13-9119-537BA6A12CCB}.Debug|x86.ActiveCfg = Debug|Any CPU
		{37B08AFD-F4BC-4E13-9119-537BA6A12CCB}.Debug|x86.Build.0 = Debug|Any CPU
		{37B08AFD-F4BC-4E13-9119-537BA6A12CCB}.Release|Any CPU.ActiveCfg = Release|Any CPU
		{37B08AFD-F4BC-4E13-9119-537BA6A12CCB}.Release|Any CPU.Build.0 = Release|Any CPU
		{37B08AFD-F4BC-4E13-9119-537BA6A12CCB}.Release|x86.ActiveCfg = Release|Any CPU
		{37B08AFD-F4BC-4E13-9119-537BA6A12CCB}.Release|x86.Build.0 = Release|Any CPU
		{37B08AFD-F4BC-4E13-9119-537BA6A12CCB}.Test|Any CPU.ActiveCfg = Release|Any CPU
		{37B08AFD-F4BC-4E13-9119-537BA6A12CCB}.Test|x86.ActiveCfg = Debug|Any CPU
		{37B08AFD-F4BC-4E13-9119-537BA6A12CCB}.Test|x86.Build.0 = Debug|Any CPU
		{270E9E4E-9F39-4A3A-A04D-FC0B40BA7B12}.Analysis|Any CPU.ActiveCfg = Analysis|Any CPU
		{270E9E4E-9F39-4A3A-A04D-FC0B40BA7B12}.Analysis|Any CPU.Build.0 = Analysis|Any CPU
		{270E9E4E-9F39-4A3A-A04D-FC0B40BA7B12}.Analysis|x86.ActiveCfg = Analysis|Any CPU
		{270E9E4E-9F39-4A3A-A04D-FC0B40BA7B12}.Analysis|x86.Build.0 = Analysis|Any CPU
		{270E9E4E-9F39-4A3A-A04D-FC0B40BA7B12}.Debug|Any CPU.ActiveCfg = Debug|Any CPU
		{270E9E4E-9F39-4A3A-A04D-FC0B40BA7B12}.Debug|Any CPU.Build.0 = Debug|Any CPU
		{270E9E4E-9F39-4A3A-A04D-FC0B40BA7B12}.Debug|x86.ActiveCfg = Debug|Any CPU
		{270E9E4E-9F39-4A3A-A04D-FC0B40BA7B12}.Debug|x86.Build.0 = Debug|Any CPU
		{270E9E4E-9F39-4A3A-A04D-FC0B40BA7B12}.Release|Any CPU.ActiveCfg = Release|Any CPU
		{270E9E4E-9F39-4A3A-A04D-FC0B40BA7B12}.Release|Any CPU.Build.0 = Release|Any CPU
		{270E9E4E-9F39-4A3A-A04D-FC0B40BA7B12}.Release|x86.ActiveCfg = Release|Any CPU
		{270E9E4E-9F39-4A3A-A04D-FC0B40BA7B12}.Release|x86.Build.0 = Release|Any CPU
		{270E9E4E-9F39-4A3A-A04D-FC0B40BA7B12}.Test|Any CPU.ActiveCfg = Debug|Any CPU
		{270E9E4E-9F39-4A3A-A04D-FC0B40BA7B12}.Test|x86.ActiveCfg = Debug|Any CPU
		{270E9E4E-9F39-4A3A-A04D-FC0B40BA7B12}.Test|x86.Build.0 = Debug|Any CPU
		{8378C9BA-915F-4018-9944-8578F2855FF1}.Analysis|Any CPU.ActiveCfg = Analysis|Any CPU
		{8378C9BA-915F-4018-9944-8578F2855FF1}.Analysis|Any CPU.Build.0 = Analysis|Any CPU
		{8378C9BA-915F-4018-9944-8578F2855FF1}.Analysis|x86.ActiveCfg = Analysis|Any CPU
		{8378C9BA-915F-4018-9944-8578F2855FF1}.Analysis|x86.Build.0 = Analysis|Any CPU
		{8378C9BA-915F-4018-9944-8578F2855FF1}.Debug|Any CPU.ActiveCfg = Debug|Any CPU
		{8378C9BA-915F-4018-9944-8578F2855FF1}.Debug|Any CPU.Build.0 = Debug|Any CPU
		{8378C9BA-915F-4018-9944-8578F2855FF1}.Debug|x86.ActiveCfg = Debug|Any CPU
		{8378C9BA-915F-4018-9944-8578F2855FF1}.Debug|x86.Build.0 = Debug|Any CPU
		{8378C9BA-915F-4018-9944-8578F2855FF1}.Release|Any CPU.ActiveCfg = Release|Any CPU
		{8378C9BA-915F-4018-9944-8578F2855FF1}.Release|Any CPU.Build.0 = Release|Any CPU
		{8378C9BA-915F-4018-9944-8578F2855FF1}.Release|x86.ActiveCfg = Release|Any CPU
		{8378C9BA-915F-4018-9944-8578F2855FF1}.Release|x86.Build.0 = Release|Any CPU
		{8378C9BA-915F-4018-9944-8578F2855FF1}.Test|Any CPU.ActiveCfg = Debug|Any CPU
		{8378C9BA-915F-4018-9944-8578F2855FF1}.Test|x86.ActiveCfg = Debug|Any CPU
		{8378C9BA-915F-4018-9944-8578F2855FF1}.Test|x86.Build.0 = Debug|Any CPU
		{9C2F32EC-E713-46A8-8F19-3377EDF9CC65}.Analysis|Any CPU.ActiveCfg = Test|Any CPU
		{9C2F32EC-E713-46A8-8F19-3377EDF9CC65}.Analysis|x86.ActiveCfg = Test|Any CPU
		{9C2F32EC-E713-46A8-8F19-3377EDF9CC65}.Analysis|x86.Build.0 = Test|Any CPU
		{9C2F32EC-E713-46A8-8F19-3377EDF9CC65}.Debug|Any CPU.ActiveCfg = Test|Any CPU
		{9C2F32EC-E713-46A8-8F19-3377EDF9CC65}.Debug|x86.ActiveCfg = Test|Any CPU
		{9C2F32EC-E713-46A8-8F19-3377EDF9CC65}.Debug|x86.Build.0 = Test|Any CPU
		{9C2F32EC-E713-46A8-8F19-3377EDF9CC65}.Release|Any CPU.ActiveCfg = Test|Any CPU
		{9C2F32EC-E713-46A8-8F19-3377EDF9CC65}.Release|x86.ActiveCfg = Test|Any CPU
		{9C2F32EC-E713-46A8-8F19-3377EDF9CC65}.Release|x86.Build.0 = Test|Any CPU
		{9C2F32EC-E713-46A8-8F19-3377EDF9CC65}.Test|Any CPU.ActiveCfg = Test|Any CPU
		{9C2F32EC-E713-46A8-8F19-3377EDF9CC65}.Test|Any CPU.Build.0 = Test|Any CPU
		{9C2F32EC-E713-46A8-8F19-3377EDF9CC65}.Test|x86.ActiveCfg = Test|Any CPU
		{9C2F32EC-E713-46A8-8F19-3377EDF9CC65}.Test|x86.Build.0 = Test|Any CPU
	EndGlobalSection
	GlobalSection(SolutionProperties) = preSolution
		HideSolutionNode = FALSE
	EndGlobalSection
	GlobalSection(NestedProjects) = preSolution
		{199D4CE7-F4C3-4773-87DB-7C105335A767} = {7ADE712E-9954-4BA4-BB02-23A72E3BEC64}
		{7461A5B3-CDE5-466A-9872-E7F8498FCD3A} = {7ADE712E-9954-4BA4-BB02-23A72E3BEC64}
		{9C87D82C-0E27-4995-A2CB-72BCB84EF2E2} = {199D4CE7-F4C3-4773-87DB-7C105335A767}
		{67264662-CA03-4ED0-8924-5843307E4B53} = {199D4CE7-F4C3-4773-87DB-7C105335A767}
		{F4799C73-DEE9-48F2-B626-32149CC30976} = {7461A5B3-CDE5-466A-9872-E7F8498FCD3A}
		{ECAA3D55-19AB-440B-B82E-221AE06C4A5B} = {7461A5B3-CDE5-466A-9872-E7F8498FCD3A}
		{37B08AFD-F4BC-4E13-9119-537BA6A12CCB} = {7461A5B3-CDE5-466A-9872-E7F8498FCD3A}
		{9C2F32EC-E713-46A8-8F19-3377EDF9CC65} = {5F310ED6-BDB4-4A37-AD6B-A2724E076E5F}
	EndGlobalSection
	GlobalSection(ExtensibilityGlobals) = postSolution
		SolutionGuid = {F248D473-2CEB-4E75-9896-33489B718CE4}
	EndGlobalSection
EndGlobal
